
Microsoft Visual Studio Solution File, Format Version 12.00
# Visual Studio Version 18
VisualStudioVersion = 18.5.11709.299
MinimumVisualStudioVersion = 10.0.40219.1
Project("{9A19103F-16F7-4668-BE54-9A1E7A4F7556}") = "MockSrv.Api", "MockSrv.Api\MockSrv.Api.csproj", "{55BED744-0529-4220-BD49-77AABC1FE0D1}"
EndProject
Project("{2150E333-8FDC-42A3-9474-1A3956D46DE8}") = "Scripts", "Scripts", "{75224709-2B35-48D6-B52F-D23860941AB8}"
	ProjectSection(SolutionItems) = preProject
		ARCHITECTURE.md = ARCHITECTURE.md
		..\Scripts\MockSrvDb.sql = ..\Scripts\MockSrvDb.sql
		..\README.md = ..\README.md
	EndProjectSection
EndProject
Project("{2150E333-8FDC-42A3-9474-1A3956D46DE8}") = "Sources", "Sources", "{651245BB-EDD9-43AE-A8BD-3196E343B4E7}"
EndProject
Project("{9A19103F-16F7-4668-BE54-9A1E7A4F7556}") = "MockSrv.Web", "MockSrv.Web\MockSrv.Web.csproj", "{0D834713-F945-4FF9-A90C-D0F3AD6D43DF}"
EndProject
Project("{2150E333-8FDC-42A3-9474-1A3956D46DE8}") = "Tests", "Tests", "{0B71F101-5578-4A58-8D53-95A18E84706C}"
EndProject
Project("{9A19103F-16F7-4668-BE54-9A1E7A4F7556}") = "MockSrv.Domain", "MockSrv.Domain\MockSrv.Domain.csproj", "{57FA450E-A3F3-4BEF-80D8-A64B62F26911}"
EndProject
Project("{9A19103F-16F7-4668-BE54-9A1E7A4F7556}") = "MockSrv.Persistence", "MockSrv.Persistence\MockSrv.Persistence.csproj", "{A7727A68-D844-4953-A859-9ED24DC68CEC}"
EndProject
Project("{9A19103F-16F7-4668-BE54-9A1E7A4F7556}") = "MockSrv.Application", "MockSrv.Application\MockSrv.Application.csproj", "{91CC6B05-DFBB-4727-B008-609884398E14}"
EndProject
Project("{2150E333-8FDC-42A3-9474-1A3956D46DE8}") = "Presentation", "Presentation", "{DA7682E3-5304-429B-A764-0EAD4C415904}"
EndProject
Project("{2150E333-8FDC-42A3-9474-1A3956D46DE8}") = "Infrastructure", "Infrastructure", "{F2D02F1D-D597-454D-A72C-AFB1E5EF966D}"
EndProject
Project("{2150E333-8FDC-42A3-9474-1A3956D46DE8}") = "Core", "Core", "{2C7D2126-FB69-4D19-BE84-96C7B8108683}"
EndProject
Project("{2150E333-8FDC-42A3-9474-1A3956D46DE8}") = "UnitTests", "UnitTests", "{A5609B26-9068-4320-AC8A-F7AD018B618D}"
EndProject
Project("{2150E333-8FDC-42A3-9474-1A3956D46DE8}") = "FuncTests", "FuncTests", "{8F86AC69-C111-42DC-A7A0-B4F2D580F5CA}"
EndProject
Project("{9A19103F-16F7-4668-BE54-9A1E7A4F7556}") = "MockSrv.Api.FuncTests", "..\Tests\FuncTest\MockSrv.Api.FuncTests\MockSrv.Api.FuncTests.csproj", "{048CD7EB-FEFD-4F0F-89C7-53BB39E86337}"
EndProject
Project("{9A19103F-16F7-4668-BE54-9A1E7A4F7556}") = "MockSrv.Web.FuncTests", "..\Tests\FuncTest\MockSrv.Web.FuncTests\MockSrv.Web.FuncTests.csproj", "{FDB2BEF0-EFB2-4B70-B082-8677617F6A78}"
EndProject
Project("{FAE04EC0-301F-11D3-BF4B-00C04F79EFBC}") = "MockSrv.Api.UnitTests", "..\Tests\UnitTests\MockSrv.Api.UnitTests\MockSrv.Api.UnitTests.csproj", "{52400C25-37F5-456D-B7FF-DC753DA3DDC3}"
EndProject
Project("{2150E333-8FDC-42A3-9474-1A3956D46DE8}") = "_Common", "_Common", "{DB61D92F-12C7-4770-B72A-30A60B6F317D}"
EndProject
Project("{FAE04EC0-301F-11D3-BF4B-00C04F79EFBC}") = "MockSrv.Common", "MockSrv.Common\MockSrv.Common.csproj", "{0A5367E1-BF06-4F54-B5D7-EF85E17E1A4E}"
EndProject
Project("{2150E333-8FDC-42A3-9474-1A3956D46DE8}") = "Api", "Api", "{18A280CA-DB5D-44F3-9388-16CD8C6BBE52}"
EndProject
Project("{2150E333-8FDC-42A3-9474-1A3956D46DE8}") = "Web", "Web", "{922BEA4F-1D54-4510-90F2-C05E45583A3C}"
EndProject
Project("{2150E333-8FDC-42A3-9474-1A3956D46DE8}") = "Presentation", "Presentation", "{50E89464-7810-4295-90BE-53B4324ABA4E}"
EndProject
Project("{2150E333-8FDC-42A3-9474-1A3956D46DE8}") = "Startup", "Startup", "{9AC87C9C-5454-42F2-A86A-9B21AF873F69}"
EndProject
Project("{FAE04EC0-301F-11D3-BF4B-00C04F79EFBC}") = "MockSrv.Startup", "MockSrv.Startup\MockSrv.Startup.csproj", "{AF551E15-DDC7-4496-89CC-CDC16DB2A6D2}"
EndProject
Project("{2150E333-8FDC-42A3-9474-1A3956D46DE8}") = "_Analyzers", "_Analyzers", "{7247A4E5-5F76-4B6B-B4E4-4E32C3E0C79F}"
EndProject
Project("{FAE04EC0-301F-11D3-BF4B-00C04F79EFBC}") = "MockSrv.Analyzers", "MockSrv.Analyzers\MockSrv.Analyzers.csproj", "{8188BADE-BCF4-4A37-B87D-BC672EE4A124}"
EndProject
Project("{FAE04EC0-301F-11D3-BF4B-00C04F79EFBC}") = "MockSrv.Analyzers.UnitTests", "..\Tests\UnitTests\MockSrv.Analyzers.UnitTests\MockSrv.Analyzers.UnitTests.csproj", "{C465FE07-C446-4828-8CCE-C6AF18016D5E}"
EndProject
Global
	GlobalSection(SolutionConfigurationPlatforms) = preSolution
		Debug|Any CPU = Debug|Any CPU
		Release|Any CPU = Release|Any CPU
	EndGlobalSection
	GlobalSection(ProjectConfigurationPlatforms) = postSolution
		{55BED744-0529-4220-BD49-77AABC1FE0D1}.Debug|Any CPU.ActiveCfg = Debug|Any CPU
		{55BED744-0529-4220-BD49-77AABC1FE0D1}.Debug|Any CPU.Build.0 = Debug|Any CPU
		{55BED744-0529-4220-BD49-77AABC1FE0D1}.Release|Any CPU.ActiveCfg = Release|Any CPU
		{55BED744-0529-4220-BD49-77AABC1FE0D1}.Release|Any CPU.Build.0 = Release|Any CPU
		{0D834713-F945-4FF9-A90C-D0F3AD6D43DF}.Debug|Any CPU.ActiveCfg = Debug|Any CPU
		{0D834713-F945-4FF9-A90C-D0F3AD6D43DF}.Debug|Any CPU.Build.0 = Debug|Any CPU
		{0D834713-F945-4FF9-A90C-D0F3AD6D43DF}.Release|Any CPU.ActiveCfg = Release|Any CPU
		{0D834713-F945-4FF9-A90C-D0F3AD6D43DF}.Release|Any CPU.Build.0 = Release|Any CPU
		{57FA450E-A3F3-4BEF-80D8-A64B62F26911}.Debug|Any CPU.ActiveCfg = Debug|Any CPU
		{57FA450E-A3F3-4BEF-80D8-A64B62F26911}.Debug|Any CPU.Build.0 = Debug|Any CPU
		{57FA450E-A3F3-4BEF-80D8-A64B62F26911}.Release|Any CPU.ActiveCfg = Release|Any CPU
		{57FA450E-A3F3-4BEF-80D8-A64B62F26911}.Release|Any CPU.Build.0 = Release|Any CPU
		{A7727A68-D844-4953-A859-9ED24DC68CEC}.Debug|Any CPU.ActiveCfg = Debug|Any CPU
		{A7727A68-D844-4953-A859-9ED24DC68CEC}.Debug|Any CPU.Build.0 = Debug|Any CPU
		{A7727A68-D844-4953-A859-9ED24DC68CEC}.Release|Any CPU.ActiveCfg = Release|Any CPU
		{A7727A68-D844-4953-A859-9ED24DC68CEC}.Release|Any CPU.Build.0 = Release|Any CPU
		{91CC6B05-DFBB-4727-B008-609884398E14}.Debug|Any CPU.ActiveCfg = Debug|Any CPU
		{91CC6B05-DFBB-4727-B008-609884398E14}.Debug|Any CPU.Build.0 = Debug|Any CPU
		{91CC6B05-DFBB-4727-B008-609884398E14}.Release|Any CPU.ActiveCfg = Release|Any CPU
		{91CC6B05-DFBB-4727-B008-609884398E14}.Release|Any CPU.Build.0 = Release|Any CPU
		{048CD7EB-FEFD-4F0F-89C7-53BB39E86337}.Debug|Any CPU.ActiveCfg = Debug|Any CPU
		{048CD7EB-FEFD-4F0F-89C7-53BB39E86337}.Debug|Any CPU.Build.0 = Debug|Any CPU
		{048CD7EB-FEFD-4F0F-89C7-53BB39E86337}.Release|Any CPU.ActiveCfg = Release|Any CPU
		{048CD7EB-FEFD-4F0F-89C7-53BB39E86337}.Release|Any CPU.Build.0 = Release|Any CPU
		{FDB2BEF0-EFB2-4B70-B082-8677617F6A78}.Debug|Any CPU.ActiveCfg = Debug|Any CPU
		{FDB2BEF0-EFB2-4B70-B082-8677617F6A78}.Debug|Any CPU.Build.0 = Debug|Any CPU
		{FDB2BEF0-EFB2-4B70-B082-8677617F6A78}.Release|Any CPU.ActiveCfg = Release|Any CPU
		{FDB2BEF0-EFB2-4B70-B082-8677617F6A78}.Release|Any CPU.Build.0 = Release|Any CPU
		{52400C25-37F5-456D-B7FF-DC753DA3DDC3}.Debug|Any CPU.ActiveCfg = Debug|Any CPU
		{52400C25-37F5-456D-B7FF-DC753DA3DDC3}.Debug|Any CPU.Build.0 = Debug|Any CPU
		{52400C25-37F5-456D-B7FF-DC753DA3DDC3}.Release|Any CPU.ActiveCfg = Release|Any CPU
		{52400C25-37F5-456D-B7FF-DC753DA3DDC3}.Release|Any CPU.Build.0 = Release|Any CPU
		{0A5367E1-BF06-4F54-B5D7-EF85E17E1A4E}.Debug|Any CPU.ActiveCfg = Debug|Any CPU
		{0A5367E1-BF06-4F54-B5D7-EF85E17E1A4E}.Debug|Any CPU.Build.0 = Debug|Any CPU
		{0A5367E1-BF06-4F54-B5D7-EF85E17E1A4E}.Release|Any CPU.ActiveCfg = Release|Any CPU
		{0A5367E1-BF06-4F54-B5D7-EF85E17E1A4E}.Release|Any CPU.Build.0 = Release|Any CPU
		{AF551E15-DDC7-4496-89CC-CDC16DB2A6D2}.Debug|Any CPU.ActiveCfg = Debug|Any CPU
		{AF551E15-DDC7-4496-89CC-CDC16DB2A6D2}.Debug|Any CPU.Build.0 = Debug|Any CPU
		{AF551E15-DDC7-4496-89CC-CDC16DB2A6D2}.Release|Any CPU.ActiveCfg = Release|Any CPU
		{AF551E15-DDC7-4496-89CC-CDC16DB2A6D2}.Release|Any CPU.Build.0 = Release|Any CPU
		{8188BADE-BCF4-4A37-B87D-BC672EE4A124}.Debug|Any CPU.ActiveCfg = Debug|Any CPU
		{8188BADE-BCF4-4A37-B87D-BC672EE4A124}.Debug|Any CPU.Build.0 = Debug|Any CPU
		{8188BADE-BCF4-4A37-B87D-BC672EE4A124}.Release|Any CPU.ActiveCfg = Release|Any CPU
		{8188BADE-BCF4-4A37-B87D-BC672EE4A124}.Release|Any CPU.Build.0 = Release|Any CPU
		{C465FE07-C446-4828-8CCE-C6AF18016D5E}.Debug|Any CPU.ActiveCfg = Debug|Any CPU
		{C465FE07-C446-4828-8CCE-C6AF18016D5E}.Debug|Any CPU.Build.0 = Debug|Any CPU
		{C465FE07-C446-4828-8CCE-C6AF18016D5E}.Release|Any CPU.ActiveCfg = Release|Any CPU
		{C465FE07-C446-4828-8CCE-C6AF18016D5E}.Release|Any CPU.Build.0 = Release|Any CPU
	EndGlobalSection
	GlobalSection(SolutionProperties) = preSolution
		HideSolutionNode = FALSE
	EndGlobalSection
	GlobalSection(NestedProjects) = preSolution
		{55BED744-0529-4220-BD49-77AABC1FE0D1} = {DA7682E3-5304-429B-A764-0EAD4C415904}
		{0D834713-F945-4FF9-A90C-D0F3AD6D43DF} = {50E89464-7810-4295-90BE-53B4324ABA4E}
		{57FA450E-A3F3-4BEF-80D8-A64B62F26911} = {2C7D2126-FB69-4D19-BE84-96C7B8108683}
		{A7727A68-D844-4953-A859-9ED24DC68CEC} = {F2D02F1D-D597-454D-A72C-AFB1E5EF966D}
		{91CC6B05-DFBB-4727-B008-609884398E14} = {2C7D2126-FB69-4D19-BE84-96C7B8108683}
		{DA7682E3-5304-429B-A764-0EAD4C415904} = {18A280CA-DB5D-44F3-9388-16CD8C6BBE52}
		{F2D02F1D-D597-454D-A72C-AFB1E5EF966D} = {18A280CA-DB5D-44F3-9388-16CD8C6BBE52}
		{2C7D2126-FB69-4D19-BE84-96C7B8108683} = {18A280CA-DB5D-44F3-9388-16CD8C6BBE52}
		{A5609B26-9068-4320-AC8A-F7AD018B618D} = {0B71F101-5578-4A58-8D53-95A18E84706C}
		{8F86AC69-C111-42DC-A7A0-B4F2D580F5CA} = {0B71F101-5578-4A58-8D53-95A18E84706C}
		{048CD7EB-FEFD-4F0F-89C7-53BB39E86337} = {8F86AC69-C111-42DC-A7A0-B4F2D580F5CA}
		{FDB2BEF0-EFB2-4B70-B082-8677617F6A78} = {8F86AC69-C111-42DC-A7A0-B4F2D580F5CA}
		{52400C25-37F5-456D-B7FF-DC753DA3DDC3} = {A5609B26-9068-4320-AC8A-F7AD018B618D}
		{DB61D92F-12C7-4770-B72A-30A60B6F317D} = {651245BB-EDD9-43AE-A8BD-3196E343B4E7}
		{0A5367E1-BF06-4F54-B5D7-EF85E17E1A4E} = {DB61D92F-12C7-4770-B72A-30A60B6F317D}
		{18A280CA-DB5D-44F3-9388-16CD8C6BBE52} = {651245BB-EDD9-43AE-A8BD-3196E343B4E7}
		{922BEA4F-1D54-4510-90F2-C05E45583A3C} = {651245BB-EDD9-43AE-A8BD-3196E343B4E7}
		{50E89464-7810-4295-90BE-53B4324ABA4E} = {922BEA4F-1D54-4510-90F2-C05E45583A3C}
		{9AC87C9C-5454-42F2-A86A-9B21AF873F69} = {18A280CA-DB5D-44F3-9388-16CD8C6BBE52}
		{AF551E15-DDC7-4496-89CC-CDC16DB2A6D2} = {9AC87C9C-5454-42F2-A86A-9B21AF873F69}
		{7247A4E5-5F76-4B6B-B4E4-4E32C3E0C79F} = {651245BB-EDD9-43AE-A8BD-3196E343B4E7}
		{8188BADE-BCF4-4A37-B87D-BC672EE4A124} = {7247A4E5-5F76-4B6B-B4E4-4E32C3E0C79F}
		{C465FE07-C446-4828-8CCE-C6AF18016D5E} = {A5609B26-9068-4320-AC8A-F7AD018B618D}
	EndGlobalSection
	GlobalSection(ExtensibilityGlobals) = postSolution
		SolutionGuid = {ADFAC50F-3840-45F7-8D0A-7560AE6ABE8A}
	EndGlobalSection
EndGlobal
